
Microsoft Visual Studio Solution File, Format Version 12.00
# Visual Studio Version 17
VisualStudioVersion = 17.6.33815.320
MinimumVisualStudioVersion = 10.0.40219.1
Project("{FAE04EC0-301F-11D3-BF4B-00C04F79EFBC}") = "word counter", "word counter\word counter.csproj", "{84F9F6DE-C872-4D6C-B375-CC49597E09D8}"
EndProject
Global
	GlobalSection(SolutionConfigurationPlatforms) = preSolution
		Debug|Any CPU = Debug|Any CPU
		Release|Any CPU = Release|Any CPU
	EndGlobalSection
	GlobalSection(ProjectConfigurationPlatforms) = postSolution
		{84F9F6DE-C872-4D6C-B375-CC49597E09D8}.Debug|Any CPU.ActiveCfg = Debug|Any CPU
		{84F9F6DE-C872-4D6C-B375-CC49597E09D8}.Debug|Any CPU.Build.0 = Debug|Any CPU
		{84F9F6DE-C872-4D6C-B375-CC49597E09D8}.Release|Any CPU.ActiveCfg = Release|Any CPU
		{84F9F6DE-C872-4D6C-B375-CC49597E09D8}.Release|Any CPU.Build.0 = Release|Any CPU
	EndGlobalSection
	GlobalSection(SolutionProperties) = preSolution
		HideSolutionNode = FALSE
	EndGlobalSection
	GlobalSection(ExtensibilityGlobals) = postSolution
		SolutionGuid = {30675FBD-9882-446D-A58C-4ED34BD0829C}
	EndGlobalSection
EndGlobal
